
Microsoft Visual Studio Solution File, Format Version 12.00
# Visual Studio 15
VisualStudioVersion = 15.0.28010.2003
MinimumVisualStudioVersion = 10.0.40219.1
Project("{FAE04EC0-301F-11D3-BF4B-00C04F79EFBC}") = "LoginUISample", "LoginUISample\LoginUISample.csproj", "{8499609D-E240-4122-A98D-FC4AC625F968}"
EndProject
Global
	GlobalSection(SolutionConfigurationPlatforms) = preSolution
		Debug|Any CPU = Debug|Any CPU
		Release|Any CPU = Release|Any CPU
	EndGlobalSection
	GlobalSection(ProjectConfigurationPlatforms) = postSolution
		{8499609D-E240-4122-A98D-FC4AC625F968}.Debug|Any CPU.ActiveCfg = Debug|Any CPU
		{8499609D-E240-4122-A98D-FC4AC625F968}.Debug|Any CPU.Build.0 = Debug|Any CPU
		{8499609D-E240-4122-A98D-FC4AC625F968}.Release|Any CPU.ActiveCfg = Release|Any CPU
		{8499609D-E240-4122-A98D-FC4AC625F968}.Release|Any CPU.Build.0 = Release|Any CPU
	EndGlobalSection
	GlobalSection(SolutionProperties) = preSolution
		HideSolutionNode = FALSE
	EndGlobalSection
	GlobalSection(ExtensibilityGlobals) = postSolution
		SolutionGuid = {D117A6DA-5CC0-4677-948E-8715B124FDF1}
	EndGlobalSection
EndGlobal
